
Microsoft Visual Studio Solution File, Format Version 12.00
# Visual Studio 15
VisualStudioVersion = 15.0.27703.2018
MinimumVisualStudioVersion = 10.0.40219.1
Project("{F184B08F-C81C-45F6-A57F-5ABD9991F28F}") = "Woorden omdraaien", "Woorden omdraaien\Woorden omdraaien.vbproj", "{6E9452FC-E7ED-4501-9CDE-4A34D9896CC4}"
EndProject
Global
	GlobalSection(SolutionConfigurationPlatforms) = preSolution
		Debug|Any CPU = Debug|Any CPU
		Release|Any CPU = Release|Any CPU
	EndGlobalSection
	GlobalSection(ProjectConfigurationPlatforms) = postSolution
		{6E9452FC-E7ED-4501-9CDE-4A34D9896CC4}.Debug|Any CPU.ActiveCfg = Debug|Any CPU
		{6E9452FC-E7ED-4501-9CDE-4A34D9896CC4}.Debug|Any CPU.Build.0 = Debug|Any CPU
		{6E9452FC-E7ED-4501-9CDE-4A34D9896CC4}.Release|Any CPU.ActiveCfg = Release|Any CPU
		{6E9452FC-E7ED-4501-9CDE-4A34D9896CC4}.Release|Any CPU.Build.0 = Release|Any CPU
	EndGlobalSection
	GlobalSection(SolutionProperties) = preSolution
		HideSolutionNode = FALSE
	EndGlobalSection
	GlobalSection(ExtensibilityGlobals) = postSolution
		SolutionGuid = {7B71818A-4CBF-4BA8-90D3-6AD54BA4B6AA}
	EndGlobalSection
EndGlobal
